
Microsoft Visual Studio Solution File, Format Version 12.00
# Visual Studio 15
VisualStudioVersion = 15.0.27130.2026
MinimumVisualStudioVersion = 10.0.40219.1
Project("{FAE04EC0-301F-11D3-BF4B-00C04F79EFBC}") = "DifferentApp", "DifferentApp\DifferentApp.csproj", "{81E6B695-DFC3-43A8-94AE-2A3268C5C35E}"
EndProject
Project("{FAE04EC0-301F-11D3-BF4B-00C04F79EFBC}") = "sensor2diffappwebjobfeb10", "sensor2diffappwebjobfeb10\sensor2diffappwebjobfeb10.csproj", "{59D1D213-DABC-472B-9E91-CB42FC89520B}"
EndProject
Global
	GlobalSection(SolutionConfigurationPlatforms) = preSolution
		Debug|Any CPU = Debug|Any CPU
		Release|Any CPU = Release|Any CPU
	EndGlobalSection
	GlobalSection(ProjectConfigurationPlatforms) = postSolution
		{81E6B695-DFC3-43A8-94AE-2A3268C5C35E}.Debug|Any CPU.ActiveCfg = Debug|Any CPU
		{81E6B695-DFC3-43A8-94AE-2A3268C5C35E}.Debug|Any CPU.Build.0 = Debug|Any CPU
		{81E6B695-DFC3-43A8-94AE-2A3268C5C35E}.Release|Any CPU.ActiveCfg = Release|Any CPU
		{81E6B695-DFC3-43A8-94AE-2A3268C5C35E}.Release|Any CPU.Build.0 = Release|Any CPU
		{59D1D213-DABC-472B-9E91-CB42FC89520B}.Debug|Any CPU.ActiveCfg = Debug|Any CPU
		{59D1D213-DABC-472B-9E91-CB42FC89520B}.Debug|Any CPU.Build.0 = Debug|Any CPU
		{59D1D213-DABC-472B-9E91-CB42FC89520B}.Release|Any CPU.ActiveCfg = Release|Any CPU
		{59D1D213-DABC-472B-9E91-CB42FC89520B}.Release|Any CPU.Build.0 = Release|Any CPU
	EndGlobalSection
	GlobalSection(SolutionProperties) = preSolution
		HideSolutionNode = FALSE
	EndGlobalSection
	GlobalSection(ExtensibilityGlobals) = postSolution
		SolutionGuid = {0BD938E8-ECAA-4BC5-9F72-999254EEC822}
	EndGlobalSection
EndGlobal
